// !$*UTF8*$!
{
	archiveVersion = 1;
	classes = {
	};
	objectVersion = 56;
	objects = {

/* Begin PBXBuildFile section */
		BB8953FC2A251659002499CA /* MGE_SwiftUIApp.swift in Sources */ = {isa = PBXBuildFile; fileRef = BB8953FB2A251659002499CA /* MGE_SwiftUIApp.swift */; };
		BB8954002A25165A002499CA /* Assets.xcassets in Resources */ = {isa = PBXBuildFile; fileRef = BB8953FF2A25165A002499CA /* Assets.xcassets */; };
		BB8954032A25165A002499CA /* Preview Assets.xcassets in Resources */ = {isa = PBXBuildFile; fileRef = BB8954022A25165A002499CA /* Preview Assets.xcassets */; };
		BB89540A2A251672002499CA /* TheBasicsView.swift in Sources */ = {isa = PBXBuildFile; fileRef = BB8954092A251672002499CA /* TheBasicsView.swift */; };
		BB8954122A251698002499CA /* ExtendedHeaderView.swift in Sources */ = {isa = PBXBuildFile; fileRef = BB89540C2A251698002499CA /* ExtendedHeaderView.swift */; };
		BB8954132A251698002499CA /* SelectedImageView.swift in Sources */ = {isa = PBXBuildFile; fileRef = BB89540D2A251698002499CA /* SelectedImageView.swift */; };
		BB8954142A251698002499CA /* SiteViewModel.swift in Sources */ = {isa = PBXBuildFile; fileRef = BB89540E2A251698002499CA /* SiteViewModel.swift */; };
		BB8954152A251698002499CA /* SiteView.swift in Sources */ = {isa = PBXBuildFile; fileRef = BB89540F2A251698002499CA /* SiteView.swift */; };
		BB8954162A251698002499CA /* Site.swift in Sources */ = {isa = PBXBuildFile; fileRef = BB8954102A251698002499CA /* Site.swift */; };
		BB8954172A251698002499CA /* HeaderView.swift in Sources */ = {isa = PBXBuildFile; fileRef = BB8954112A251698002499CA /* HeaderView.swift */; };
		BB8954192A254319002499CA /* Launch Screen.storyboard in Resources */ = {isa = PBXBuildFile; fileRef = BB8954182A254319002499CA /* Launch Screen.storyboard */; };
/* End PBXBuildFile section */

/* Begin PBXFileReference section */
		BB8953F82A251659002499CA /* MGE-SwiftUI.app */ = {isa = PBXFileReference; explicitFileType = wrapper.application; includeInIndex = 0; path = "MGE-SwiftUI.app"; sourceTree = BUILT_PRODUCTS_DIR; };
		BB8953FB2A251659002499CA /* MGE_SwiftUIApp.swift */ = {isa = PBXFileReference; lastKnownFileType = sourcecode.swift; path = MGE_SwiftUIApp.swift; sourceTree = "<group>"; };
		BB8953FF2A25165A002499CA /* Assets.xcassets */ = {isa = PBXFileReference; lastKnownFileType = folder.assetcatalog; path = Assets.xcassets; sourceTree = "<group>"; };
		BB8954022A25165A002499CA /* Preview Assets.xcassets */ = {isa = PBXFileReference; lastKnownFileType = folder.assetcatalog; path = "Preview Assets.xcassets"; sourceTree = "<group>"; };
		BB8954092A251672002499CA /* TheBasicsView.swift */ = {isa = PBXFileReference; fileEncoding = 4; lastKnownFileType = sourcecode.swift; path = TheBasicsView.swift; sourceTree = "<group>"; };
		BB89540C2A251698002499CA /* ExtendedHeaderView.swift */ = {isa = PBXFileReference; fileEncoding = 4; lastKnownFileType = sourcecode.swift; path = ExtendedHeaderView.swift; sourceTree = "<group>"; };
		BB89540D2A251698002499CA /* SelectedImageView.swift */ = {isa = PBXFileReference; fileEncoding = 4; lastKnownFileType = sourcecode.swift; path = SelectedImageView.swift; sourceTree = "<group>"; };
		BB89540E2A251698002499CA /* SiteViewModel.swift */ = {isa = PBXFileReference; fileEncoding = 4; lastKnownFileType = sourcecode.swift; path = SiteViewModel.swift; sourceTree = "<group>"; };
		BB89540F2A251698002499CA /* SiteView.swift */ = {isa = PBXFileReference; fileEncoding = 4; lastKnownFileType = sourcecode.swift; path = SiteView.swift; sourceTree = "<group>"; };
		BB8954102A251698002499CA /* Site.swift */ = {isa = PBXFileReference; fileEncoding = 4; lastKnownFileType = sourcecode.swift; path = Site.swift; sourceTree = "<group>"; };
		BB8954112A251698002499CA /* HeaderView.swift */ = {isa = PBXFileReference; fileEncoding = 4; lastKnownFileType = sourcecode.swift; path = HeaderView.swift; sourceTree = "<group>"; };
		BB8954182A254319002499CA /* Launch Screen.storyboard */ = {isa = PBXFileReference; lastKnownFileType = file.storyboard; path = "Launch Screen.storyboard"; sourceTree = "<group>"; };
/* End PBXFileReference section */

/* Begin PBXFrameworksBuildPhase section */
		BB8953F52A251659002499CA /* Frameworks */ = {
			isa = PBXFrameworksBuildPhase;
			buildActionMask = 2147483647;
			files = (
			);
			runOnlyForDeploymentPostprocessing = 0;
		};
/* End PBXFrameworksBuildPhase section */

/* Begin PBXGroup section */
		BB8953EF2A251659002499CA = {
			isa = PBXGroup;
			children = (
				BB8953FA2A251659002499CA /* MGE-SwiftUI */,
				BB8953F92A251659002499CA /* Products */,
			);
			sourceTree = "<group>";
		};
		BB8953F92A251659002499CA /* Products */ = {
			isa = PBXGroup;
			children = (
				BB8953F82A251659002499CA /* MGE-SwiftUI.app */,
			);
			name = Products;
			sourceTree = "<group>";
		};
		BB8953FA2A251659002499CA /* MGE-SwiftUI */ = {
			isa = PBXGroup;
			children = (
				BB8953FB2A251659002499CA /* MGE_SwiftUIApp.swift */,
				BB8954092A251672002499CA /* TheBasicsView.swift */,
				BB89540B2A25167F002499CA /* Sites */,
				BB8953FF2A25165A002499CA /* Assets.xcassets */,
				BB8954182A254319002499CA /* Launch Screen.storyboard */,
				BB8954012A25165A002499CA /* Preview Content */,
			);
			path = "MGE-SwiftUI";
			sourceTree = "<group>";
		};
		BB8954012A25165A002499CA /* Preview Content */ = {
			isa = PBXGroup;
			children = (
				BB8954022A25165A002499CA /* Preview Assets.xcassets */,
			);
			path = "Preview Content";
			sourceTree = "<group>";
		};
		BB89540B2A25167F002499CA /* Sites */ = {
			isa = PBXGroup;
			children = (
				BB8954102A251698002499CA /* Site.swift */,
				BB89540E2A251698002499CA /* SiteViewModel.swift */,
				BB89540F2A251698002499CA /* SiteView.swift */,
				BB8954112A251698002499CA /* HeaderView.swift */,
				BB89540C2A251698002499CA /* ExtendedHeaderView.swift */,
				BB89540D2A251698002499CA /* SelectedImageView.swift */,
			);
			path = Sites;
			sourceTree = "<group>";
		};
/* End PBXGroup section */

/* Begin PBXNativeTarget section */
		BB8953F72A251659002499CA /* MGE-SwiftUI */ = {
			isa = PBXNativeTarget;
			buildConfigurationList = BB8954062A25165A002499CA /* Build configuration list for PBXNativeTarget "MGE-SwiftUI" */;
			buildPhases = (
				BB8953F42A251659002499CA /* Sources */,
				BB8953F52A251659002499CA /* Frameworks */,
				BB8953F62A251659002499CA /* Resources */,
			);
			buildRules = (
			);
			dependencies = (
			);
			name = "MGE-SwiftUI";
			productName = "MGE-SwiftUI";
			productReference = BB8953F82A251659002499CA /* MGE-SwiftUI.app */;
			productType = "com.apple.product-type.application";
		};
/* End PBXNativeTarget section */

/* Begin PBXProject section */
		BB8953F02A251659002499CA /* Project object */ = {
			isa = PBXProject;
			attributes = {
				BuildIndependentTargetsInParallel = 1;
				LastSwiftUpdateCheck = 1430;
				LastUpgradeCheck = 1430;
				TargetAttributes = {
					BB8953F72A251659002499CA = {
						CreatedOnToolsVersion = 14.3;
					};
				};
			};
			buildConfigurationList = BB8953F32A251659002499CA /* Build configuration list for PBXProject "MGE-SwiftUI" */;
			compatibilityVersion = "Xcode 14.0";
			developmentRegion = en;
			hasScannedForEncodings = 0;
			knownRegions = (
				en,
				Base,
			);
			mainGroup = BB8953EF2A251659002499CA;
			productRefGroup = BB8953F92A251659002499CA /* Products */;
			projectDirPath = "";
			projectRoot = "";
			targets = (
				BB8953F72A251659002499CA /* MGE-SwiftUI */,
			);
		};
/* End PBXProject section */

/* Begin PBXResourcesBuildPhase section */
		BB8953F62A251659002499CA /* Resources */ = {
			isa = PBXResourcesBuildPhase;
			buildActionMask = 2147483647;
			files = (
				BB8954192A254319002499CA /* Launch Screen.storyboard in Resources */,
				BB8954032A25165A002499CA /* Preview Assets.xcassets in Resources */,
				BB8954002A25165A002499CA /* Assets.xcassets in Resources */,
			);
			runOnlyForDeploymentPostprocessing = 0;
		};
/* End PBXResourcesBuildPhase section */

/* Begin PBXSourcesBuildPhase section */
		BB8953F42A251659002499CA /* Sources */ = {
			isa = PBXSourcesBuildPhase;
			buildActionMask = 2147483647;
			files = (
				BB8954122A251698002499CA /* ExtendedHeaderView.swift in Sources */,
				BB8954172A251698002499CA /* HeaderView.swift in Sources */,
				BB8954162A251698002499CA /* Site.swift in Sources */,
				BB8954152A251698002499CA /* SiteView.swift in Sources */,
				BB8954132A251698002499CA /* SelectedImageView.swift in Sources */,
				BB8954142A251698002499CA /* SiteViewModel.swift in Sources */,
				BB8953FC2A251659002499CA /* MGE_SwiftUIApp.swift in Sources */,
				BB89540A2A251672002499CA /* TheBasicsView.swift in Sources */,
			);
			runOnlyForDeploymentPostprocessing = 0;
		};
/* End PBXSourcesBuildPhase section */

/* Begin XCBuildConfiguration section */
		BB8954042A25165A002499CA /* Debug */ = {
			isa = XCBuildConfiguration;
			buildSettings = {
				ALWAYS_SEARCH_USER_PATHS = NO;
				CLANG_ANALYZER_NONNULL = YES;
				CLANG_ANALYZER_NUMBER_OBJECT_CONVERSION = YES_AGGRESSIVE;
				CLANG_CXX_LANGUAGE_STANDARD = "gnu++20";
				CLANG_ENABLE_MODULES = YES;
				CLANG_ENABLE_OBJC_ARC = YES;
				CLANG_ENABLE_OBJC_WEAK = YES;
				CLANG_WARN_BLOCK_CAPTURE_AUTORELEASING = YES;
				CLANG_WARN_BOOL_CONVERSION = YES;
				CLANG_WARN_COMMA = YES;
				CLANG_WARN_CONSTANT_CONVERSION = YES;
				CLANG_WARN_DEPRECATED_OBJC_IMPLEMENTATIONS = YES;
				CLANG_WARN_DIRECT_OBJC_ISA_USAGE = YES_ERROR;
				CLANG_WARN_DOCUMENTATION_COMMENTS = YES;
				CLANG_WARN_EMPTY_BODY = YES;
				CLANG_WARN_ENUM_CONVERSION = YES;
				CLANG_WARN_INFINITE_RECURSION = YES;
				CLANG_WARN_INT_CONVERSION = YES;
				CLANG_WARN_NON_LITERAL_NULL_CONVERSION = YES;
				CLANG_WARN_OBJC_IMPLICIT_RETAIN_SELF = YES;
				CLANG_WARN_OBJC_LITERAL_CONVERSION = YES;
				CLANG_WARN_OBJC_ROOT_CLASS = YES_ERROR;
				CLANG_WARN_QUOTED_INCLUDE_IN_FRAMEWORK_HEADER = YES;
				CLANG_WARN_RANGE_LOOP_ANALYSIS = YES;
				CLANG_WARN_STRICT_PROTOTYPES = YES;
				CLANG_WARN_SUSPICIOUS_MOVE = YES;
				CLANG_WARN_UNGUARDED_AVAILABILITY = YES_AGGRESSIVE;
				CLANG_WARN_UNREACHABLE_CODE = YES;
				CLANG_WARN__DUPLICATE_METHOD_MATCH = YES;
				COPY_PHASE_STRIP = NO;
				DEBUG_INFORMATION_FORMAT = dwarf;
				ENABLE_STRICT_OBJC_MSGSEND = YES;
				ENABLE_TESTABILITY = YES;
				GCC_C_LANGUAGE_STANDARD = gnu11;
				GCC_DYNAMIC_NO_PIC = NO;
				GCC_NO_COMMON_BLOCKS = YES;
				GCC_OPTIMIZATION_LEVEL = 0;
				GCC_PREPROCESSOR_DEFINITIONS = (
					"DEBUG=1",
					"$(inherited)",
				);
				GCC_WARN_64_TO_32_BIT_CONVERSION = YES;
				GCC_WARN_ABOUT_RETURN_TYPE = YES_ERROR;
				GCC_WARN_UNDECLARED_SELECTOR = YES;
				GCC_WARN_UNINITIALIZED_AUTOS = YES_AGGRESSIVE;
				GCC_WARN_UNUSED_FUNCTION = YES;
				GCC_WARN_UNUSED_VARIABLE = YES;
				IPHONEOS_DEPLOYMENT_TARGET = 16.4;
				MTL_ENABLE_DEBUG_INFO = INCLUDE_SOURCE;
				MTL_FAST_MATH = YES;
				ONLY_ACTIVE_ARCH = YES;
				SDKROOT = iphoneos;
				SWIFT_ACTIVE_COMPILATION_CONDITIONS = DEBUG;
				SWIFT_OPTIMIZATION_LEVEL = "-Onone";
			};
			name = Debug;
		};
		BB8954052A25165A002499CA /* Release */ = {
			isa = XCBuildConfiguration;
			buildSettings = {
				ALWAYS_SEARCH_USER_PATHS = NO;
				CLANG_ANALYZER_NONNULL = YES;
				CLANG_ANALYZER_NUMBER_OBJECT_CONVERSION = YES_AGGRESSIVE;
				CLANG_CXX_LANGUAGE_STANDARD = "gnu++20";
				CLANG_ENABLE_MODULES = YES;
				CLANG_ENABLE_OBJC_ARC = YES;
				CLANG_ENABLE_OBJC_WEAK = YES;
				CLANG_WARN_BLOCK_CAPTURE_AUTORELEASING = YES;
				CLANG_WARN_BOOL_CONVERSION = YES;
				CLANG_WARN_COMMA = YES;
				CLANG_WARN_CONSTANT_CONVERSION = YES;
				CLANG_WARN_DEPRECATED_OBJC_IMPLEMENTATIONS = YES;
				CLANG_WARN_DIRECT_OBJC_ISA_USAGE = YES_ERROR;
				CLANG_WARN_DOCUMENTATION_COMMENTS = YES;
				CLANG_WARN_EMPTY_BODY = YES;
				CLANG_WARN_ENUM_CONVERSION = YES;
				CLANG_WARN_INFINITE_RECURSION = YES;
				CLANG_WARN_INT_CONVERSION = YES;
				CLANG_WARN_NON_LITERAL_NULL_CONVERSION = YES;
				CLANG_WARN_OBJC_IMPLICIT_RETAIN_SELF = YES;
				CLANG_WARN_OBJC_LITERAL_CONVERSION = YES;
				CLANG_WARN_OBJC_ROOT_CLASS = YES_ERROR;
				CLANG_WARN_QUOTED_INCLUDE_IN_FRAMEWORK_HEADER = YES;
				CLANG_WARN_RANGE_LOOP_ANALYSIS = YES;
				CLANG_WARN_STRICT_PROTOTYPES = YES;
				CLANG_WARN_SUSPICIOUS_MOVE = YES;
				CLANG_WARN_UNGUARDED_AVAILABILITY = YES_AGGRESSIVE;
				CLANG_WARN_UNREACHABLE_CODE = YES;
				CLANG_WARN__DUPLICATE_METHOD_MATCH = YES;
				COPY_PHASE_STRIP = NO;
				DEBUG_INFORMATION_FORMAT = "dwarf-with-dsym";
				ENABLE_NS_ASSERTIONS = NO;
				ENABLE_STRICT_OBJC_MSGSEND = YES;
				GCC_C_LANGUAGE_STANDARD = gnu11;
				GCC_NO_COMMON_BLOCKS = YES;
				GCC_WARN_64_TO_32_BIT_CONVERSION = YES;
				GCC_WARN_ABOUT_RETURN_TYPE = YES_ERROR;
				GCC_WARN_UNDECLARED_SELECTOR = YES;
				GCC_WARN_UNINITIALIZED_AUTOS = YES_AGGRESSIVE;
				GCC_WARN_UNUSED_FUNCTION = YES;
				GCC_WARN_UNUSED_VARIABLE = YES;
				IPHONEOS_DEPLOYMENT_TARGET = 16.4;
				MTL_ENABLE_DEBUG_INFO = NO;
				MTL_FAST_MATH = YES;
				SDKROOT = iphoneos;
				SWIFT_COMPILATION_MODE = wholemodule;
				SWIFT_OPTIMIZATION_LEVEL = "-O";
				VALIDATE_PRODUCT = YES;
			};
			name = Release;
		};
		BB8954072A25165A002499CA /* Debug */ = {
			isa = XCBuildConfiguration;
			buildSettings = {
				ASSETCATALOG_COMPILER_APPICON_NAME = AppIcon;
				ASSETCATALOG_COMPILER_GLOBAL_ACCENT_COLOR_NAME = AccentColor;
				CODE_SIGN_STYLE = Automatic;
				CURRENT_PROJECT_VERSION = 1;
				DEVELOPMENT_ASSET_PATHS = "\"MGE-SwiftUI/Preview Content\"";
				DEVELOPMENT_TEAM = RKV4UP49S6;
				ENABLE_PREVIEWS = YES;
				GENERATE_INFOPLIST_FILE = YES;
				INFOPLIST_KEY_UIApplicationSceneManifest_Generation = YES;
				INFOPLIST_KEY_UIApplicationSupportsIndirectInputEvents = YES;
				INFOPLIST_KEY_UILaunchScreen_Generation = YES;
				INFOPLIST_KEY_UILaunchStoryboardName = "Launch Screen.storyboard";
				INFOPLIST_KEY_UISupportedInterfaceOrientations_iPad = "UIInterfaceOrientationPortrait UIInterfaceOrientationPortraitUpsideDown UIInterfaceOrientationLandscapeLeft UIInterfaceOrientationLandscapeRight";
				INFOPLIST_KEY_UISupportedInterfaceOrientations_iPhone = "UIInterfaceOrientationPortrait UIInterfaceOrientationLandscapeLeft UIInterfaceOrientationLandscapeRight";
				LD_RUNPATH_SEARCH_PATHS = (
					"$(inherited)",
					"@executable_path/Frameworks",
				);
				MARKETING_VERSION = 1.0;
				PRODUCT_BUNDLE_IDENTIFIER = "com.createchsol.MGE-SwiftUI";
				PRODUCT_NAME = "$(TARGET_NAME)";
				SWIFT_EMIT_LOC_STRINGS = YES;
				SWIFT_VERSION = 5.0;
				TARGETED_DEVICE_FAMILY = "1,2";
			};
			name = Debug;
		};
		BB8954082A25165A002499CA /* Release */ = {
			isa = XCBuildConfiguration;
			buildSettings = {
				ASSETCATALOG_COMPILER_APPICON_NAME = AppIcon;
				ASSETCATALOG_COMPILER_GLOBAL_ACCENT_COLOR_NAME = AccentColor;
				CODE_SIGN_STYLE = Automatic;
				CURRENT_PROJECT_VERSION = 1;
				DEVELOPMENT_ASSET_PATHS = "\"MGE-SwiftUI/Preview Content\"";
				DEVELOPMENT_TEAM = RKV4UP49S6;
				ENABLE_PREVIEWS = YES;
				GENERATE_INFOPLIST_FILE = YES;
				INFOPLIST_KEY_UIApplicationSceneManifest_Generation = YES;
				INFOPLIST_KEY_UIApplicationSupportsIndirectInputEvents = YES;
				INFOPLIST_KEY_UILaunchScreen_Generation = YES;
				INFOPLIST_KEY_UILaunchStoryboardName = "Launch Screen.storyboard";
				INFOPLIST_KEY_UISupportedInterfaceOrientations_iPad = "UIInterfaceOrientationPortrait UIInterfaceOrientationPortraitUpsideDown UIInterfaceOrientationLandscapeLeft UIInterfaceOrientationLandscapeRight";
				INFOPLIST_KEY_UISupportedInterfaceOrientations_iPhone = "UIInterfaceOrientationPortrait UIInterfaceOrientationLandscapeLeft UIInterfaceOrientationLandscapeRight";
				LD_RUNPATH_SEARCH_PATHS = (
					"$(inherited)",
					"@executable_path/Frameworks",
				);
				MARKETING_VERSION = 1.0;
				PRODUCT_BUNDLE_IDENTIFIER = "com.createchsol.MGE-SwiftUI";
				PRODUCT_NAME = "$(TARGET_NAME)";
				SWIFT_EMIT_LOC_STRINGS = YES;
				SWIFT_VERSION = 5.0;
				TARGETED_DEVICE_FAMILY = "1,2";
			};
			name = Release;
		};
/* End XCBuildConfiguration section */

/* Begin XCConfigurationList section */
		BB8953F32A251659002499CA /* Build configuration list for PBXProject "MGE-SwiftUI" */ = {
			isa = XCConfigurationList;
			buildConfigurations = (
				BB8954042A25165A002499CA /* Debug */,
				BB8954052A25165A002499CA /* Release */,
			);
			defaultConfigurationIsVisible = 0;
			defaultConfigurationName = Release;
		};
		BB8954062A25165A002499CA /* Build configuration list for PBXNativeTarget "MGE-SwiftUI" */ = {
			isa = XCConfigurationList;
			buildConfigurations = (
				BB8954072A25165A002499CA /* Debug */,
				BB8954082A25165A002499CA /* Release */,
			);
			defaultConfigurationIsVisible = 0;
			defaultConfigurationName = Release;
		};
/* End XCConfigurationList section */
	};
	rootObject = BB8953F02A251659002499CA /* Project object */;
}
